
Microsoft Visual Studio Solution File, Format Version 12.00
# Visual Studio Version 17
VisualStudioVersion = 17.14.36518.9
MinimumVisualStudioVersion = 10.0.40219.1
Project("{FAE04EC0-301F-11D3-BF4B-00C04F79EFBC}") = "Unity-WebGL_Server", "Unity-WebGL_Server\Unity-WebGL_Server.csproj", "{57A923E2-196B-3355-01D4-BC1621967778}"
EndProject
Project("{FAE04EC0-301F-11D3-BF4B-00C04F79EFBC}") = "Unity-WebGL_Server2", "Unity-WebGL_Server2\Unity-WebGL_Server2.csproj", "{25AF3EF0-7FF3-EB5A-2950-E3DD684F3E68}"
EndProject
Global
	GlobalSection(SolutionConfigurationPlatforms) = preSolution
		Debug|Any CPU = Debug|Any CPU
		Release|Any CPU = Release|Any CPU
	EndGlobalSection
	GlobalSection(ProjectConfigurationPlatforms) = postSolution
		{57A923E2-196B-3355-01D4-BC1621967778}.Debug|Any CPU.ActiveCfg = Debug|Any CPU
		{57A923E2-196B-3355-01D4-BC1621967778}.Debug|Any CPU.Build.0 = Debug|Any CPU
		{57A923E2-196B-3355-01D4-BC1621967778}.Release|Any CPU.ActiveCfg = Release|Any CPU
		{57A923E2-196B-3355-01D4-BC1621967778}.Release|Any CPU.Build.0 = Release|Any CPU
		{25AF3EF0-7FF3-EB5A-2950-E3DD684F3E68}.Debug|Any CPU.ActiveCfg = Debug|Any CPU
		{25AF3EF0-7FF3-EB5A-2950-E3DD684F3E68}.Debug|Any CPU.Build.0 = Debug|Any CPU
		{25AF3EF0-7FF3-EB5A-2950-E3DD684F3E68}.Release|Any CPU.ActiveCfg = Release|Any CPU
		{25AF3EF0-7FF3-EB5A-2950-E3DD684F3E68}.Release|Any CPU.Build.0 = Release|Any CPU
	EndGlobalSection
	GlobalSection(SolutionProperties) = preSolution
		HideSolutionNode = FALSE
	EndGlobalSection
	GlobalSection(ExtensibilityGlobals) = postSolution
		SolutionGuid = {B203A4AB-55B1-47D7-BC70-6EC7CC840B19}
	EndGlobalSection
EndGlobal
